
Microsoft Visual Studio Solution File, Format Version 12.00
# Visual Studio Version 17
VisualStudioVersion = 17.4.33110.190
MinimumVisualStudioVersion = 10.0.40219.1
Project("{FAE04EC0-301F-11D3-BF4B-00C04F79EFBC}") = "WinForms_Arduino", "WinForms_Arduino\WinForms_Arduino.csproj", "{FACA74EF-4ACC-40B8-BDB4-CB4D793E351F}"
EndProject
Global
	GlobalSection(SolutionConfigurationPlatforms) = preSolution
		Debug|Any CPU = Debug|Any CPU
		Release|Any CPU = Release|Any CPU
	EndGlobalSection
	GlobalSection(ProjectConfigurationPlatforms) = postSolution
		{FACA74EF-4ACC-40B8-BDB4-CB4D793E351F}.Debug|Any CPU.ActiveCfg = Debug|Any CPU
		{FACA74EF-4ACC-40B8-BDB4-CB4D793E351F}.Debug|Any CPU.Build.0 = Debug|Any CPU
		{FACA74EF-4ACC-40B8-BDB4-CB4D793E351F}.Release|Any CPU.ActiveCfg = Release|Any CPU
		{FACA74EF-4ACC-40B8-BDB4-CB4D793E351F}.Release|Any CPU.Build.0 = Release|Any CPU
	EndGlobalSection
	GlobalSection(SolutionProperties) = preSolution
		HideSolutionNode = FALSE
	EndGlobalSection
	GlobalSection(ExtensibilityGlobals) = postSolution
		SolutionGuid = {57809EBC-091B-45C2-BB2E-483695B123BB}
	EndGlobalSection
EndGlobal
